// !$*UTF8*$!
{
	archiveVersion = 1;
	classes = {
	};
	objectVersion = 56;
	objects = {

/* Begin PBXBuildFile section */
		ED05D2682B80BE4E00E86BB0 /* AppDelegate.m in Sources */ = {isa = PBXBuildFile; fileRef = ED05D2672B80BE4E00E86BB0 /* AppDelegate.m */; };
		ED05D26B2B80BE4E00E86BB0 /* SceneDelegate.m in Sources */ = {isa = PBXBuildFile; fileRef = ED05D26A2B80BE4E00E86BB0 /* SceneDelegate.m */; };
		ED05D26E2B80BE4E00E86BB0 /* ViewController.m in Sources */ = {isa = PBXBuildFile; fileRef = ED05D26D2B80BE4E00E86BB0 /* ViewController.m */; };
		ED05D2712B80BE4E00E86BB0 /* Main.storyboard in Resources */ = {isa = PBXBuildFile; fileRef = ED05D26F2B80BE4E00E86BB0 /* Main.storyboard */; };
		ED05D2732B80BE4F00E86BB0 /* Assets.xcassets in Resources */ = {isa = PBXBuildFile; fileRef = ED05D2722B80BE4F00E86BB0 /* Assets.xcassets */; };
		ED05D2762B80BE4F00E86BB0 /* LaunchScreen.storyboard in Resources */ = {isa = PBXBuildFile; fileRef = ED05D2742B80BE4F00E86BB0 /* LaunchScreen.storyboard */; };
		ED05D2792B80BE4F00E86BB0 /* main.m in Sources */ = {isa = PBXBuildFile; fileRef = ED05D2782B80BE4F00E86BB0 /* main.m */; };
		ED05D2832B80BE4F00E86BB0 /* _4____________Tests.m in Sources */ = {isa = PBXBuildFile; fileRef = ED05D2822B80BE4F00E86BB0 /* _4____________Tests.m */; };
		ED05D28D2B80BE4F00E86BB0 /* _4____________UITests.m in Sources */ = {isa = PBXBuildFile; fileRef = ED05D28C2B80BE4F00E86BB0 /* _4____________UITests.m */; };
		ED05D28F2B80BE4F00E86BB0 /* _4____________UITestsLaunchTests.m in Sources */ = {isa = PBXBuildFile; fileRef = ED05D28E2B80BE4F00E86BB0 /* _4____________UITestsLaunchTests.m */; };
/* End PBXBuildFile section */

/* Begin PBXContainerItemProxy section */
		ED05D27F2B80BE4F00E86BB0 /* PBXContainerItemProxy */ = {
			isa = PBXContainerItemProxy;
			containerPortal = ED05D25B2B80BE4E00E86BB0 /* Project object */;
			proxyType = 1;
			remoteGlobalIDString = ED05D2622B80BE4E00E86BB0;
			remoteInfo = "04-子控件决定父控件的高度";
		};
		ED05D2892B80BE4F00E86BB0 /* PBXContainerItemProxy */ = {
			isa = PBXContainerItemProxy;
			containerPortal = ED05D25B2B80BE4E00E86BB0 /* Project object */;
			proxyType = 1;
			remoteGlobalIDString = ED05D2622B80BE4E00E86BB0;
			remoteInfo = "04-子控件决定父控件的高度";
		};
/* End PBXContainerItemProxy section */

/* Begin PBXFileReference section */
		ED05D2632B80BE4E00E86BB0 /* 04-子控件决定父控件的高度.app */ = {isa = PBXFileReference; explicitFileType = wrapper.application; includeInIndex = 0; path = "04-子控件决定父控件的高度.app"; sourceTree = BUILT_PRODUCTS_DIR; };
		ED05D2662B80BE4E00E86BB0 /* AppDelegate.h */ = {isa = PBXFileReference; lastKnownFileType = sourcecode.c.h; path = AppDelegate.h; sourceTree = "<group>"; };
		ED05D2672B80BE4E00E86BB0 /* AppDelegate.m */ = {isa = PBXFileReference; lastKnownFileType = sourcecode.c.objc; path = AppDelegate.m; sourceTree = "<group>"; };
		ED05D2692B80BE4E00E86BB0 /* SceneDelegate.h */ = {isa = PBXFileReference; lastKnownFileType = sourcecode.c.h; path = SceneDelegate.h; sourceTree = "<group>"; };
		ED05D26A2B80BE4E00E86BB0 /* SceneDelegate.m */ = {isa = PBXFileReference; lastKnownFileType = sourcecode.c.objc; path = SceneDelegate.m; sourceTree = "<group>"; };
		ED05D26C2B80BE4E00E86BB0 /* ViewController.h */ = {isa = PBXFileReference; lastKnownFileType = sourcecode.c.h; path = ViewController.h; sourceTree = "<group>"; };
		ED05D26D2B80BE4E00E86BB0 /* ViewController.m */ = {isa = PBXFileReference; lastKnownFileType = sourcecode.c.objc; path = ViewController.m; sourceTree = "<group>"; };
		ED05D2702B80BE4E00E86BB0 /* Base */ = {isa = PBXFileReference; lastKnownFileType = file.storyboard; name = Base; path = Base.lproj/Main.storyboard; sourceTree = "<group>"; };
		ED05D2722B80BE4F00E86BB0 /* Assets.xcassets */ = {isa = PBXFileReference; lastKnownFileType = folder.assetcatalog; path = Assets.xcassets; sourceTree = "<group>"; };
		ED05D2752B80BE4F00E86BB0 /* Base */ = {isa = PBXFileReference; lastKnownFileType = file.storyboard; name = Base; path = Base.lproj/LaunchScreen.storyboard; sourceTree = "<group>"; };
		ED05D2772B80BE4F00E86BB0 /* Info.plist */ = {isa = PBXFileReference; lastKnownFileType = text.plist.xml; path = Info.plist; sourceTree = "<group>"; };
		ED05D2782B80BE4F00E86BB0 /* main.m */ = {isa = PBXFileReference; lastKnownFileType = sourcecode.c.objc; path = main.m; sourceTree = "<group>"; };
		ED05D27E2B80BE4F00E86BB0 /* 04-子控件决定父控件的高度Tests.xctest */ = {isa = PBXFileReference; explicitFileType = wrapper.cfbundle; includeInIndex = 0; path = "04-子控件决定父控件的高度Tests.xctest"; sourceTree = BUILT_PRODUCTS_DIR; };
		ED05D2822B80BE4F00E86BB0 /* _4____________Tests.m */ = {isa = PBXFileReference; lastKnownFileType = sourcecode.c.objc; path = "_4____________Tests.m"; sourceTree = "<group>"; };
		ED05D2882B80BE4F00E86BB0 /* 04-子控件决定父控件的高度UITests.xctest */ = {isa = PBXFileReference; explicitFileType = wrapper.cfbundle; includeInIndex = 0; path = "04-子控件决定父控件的高度UITests.xctest"; sourceTree = BUILT_PRODUCTS_DIR; };
		ED05D28C2B80BE4F00E86BB0 /* _4____________UITests.m */ = {isa = PBXFileReference; lastKnownFileType = sourcecode.c.objc; path = "_4____________UITests.m"; sourceTree = "<group>"; };
		ED05D28E2B80BE4F00E86BB0 /* _4____________UITestsLaunchTests.m */ = {isa = PBXFileReference; lastKnownFileType = sourcecode.c.objc; path = "_4____________UITestsLaunchTests.m"; sourceTree = "<group>"; };
/* End PBXFileReference section */

/* Begin PBXFrameworksBuildPhase section */
		ED05D2602B80BE4E00E86BB0 /* Frameworks */ = {
			isa = PBXFrameworksBuildPhase;
			buildActionMask = 2147483647;
			files = (
			);
			runOnlyForDeploymentPostprocessing = 0;
		};
		ED05D27B2B80BE4F00E86BB0 /* Frameworks */ = {
			isa = PBXFrameworksBuildPhase;
			buildActionMask = 2147483647;
			files = (
			);
			runOnlyForDeploymentPostprocessing = 0;
		};
		ED05D2852B80BE4F00E86BB0 /* Frameworks */ = {
			isa = PBXFrameworksBuildPhase;
			buildActionMask = 2147483647;
			files = (
			);
			runOnlyForDeploymentPostprocessing = 0;
		};
/* End PBXFrameworksBuildPhase section */

/* Begin PBXGroup section */
		ED05D25A2B80BE4E00E86BB0 = {
			isa = PBXGroup;
			children = (
				ED05D2652B80BE4E00E86BB0 /* 04-子控件决定父控件的高度 */,
				ED05D2812B80BE4F00E86BB0 /* 04-子控件决定父控件的高度Tests */,
				ED05D28B2B80BE4F00E86BB0 /* 04-子控件决定父控件的高度UITests */,
				ED05D2642B80BE4E00E86BB0 /* Products */,
			);
			sourceTree = "<group>";
		};
		ED05D2642B80BE4E00E86BB0 /* Products */ = {
			isa = PBXGroup;
			children = (
				ED05D2632B80BE4E00E86BB0 /* 04-子控件决定父控件的高度.app */,
				ED05D27E2B80BE4F00E86BB0 /* 04-子控件决定父控件的高度Tests.xctest */,
				ED05D2882B80BE4F00E86BB0 /* 04-子控件决定父控件的高度UITests.xctest */,
			);
			name = Products;
			sourceTree = "<group>";
		};
		ED05D2652B80BE4E00E86BB0 /* 04-子控件决定父控件的高度 */ = {
			isa = PBXGroup;
			children = (
				ED05D2662B80BE4E00E86BB0 /* AppDelegate.h */,
				ED05D2672B80BE4E00E86BB0 /* AppDelegate.m */,
				ED05D2692B80BE4E00E86BB0 /* SceneDelegate.h */,
				ED05D26A2B80BE4E00E86BB0 /* SceneDelegate.m */,
				ED05D26C2B80BE4E00E86BB0 /* ViewController.h */,
				ED05D26D2B80BE4E00E86BB0 /* ViewController.m */,
				ED05D26F2B80BE4E00E86BB0 /* Main.storyboard */,
				ED05D2722B80BE4F00E86BB0 /* Assets.xcassets */,
				ED05D2742B80BE4F00E86BB0 /* LaunchScreen.storyboard */,
				ED05D2772B80BE4F00E86BB0 /* Info.plist */,
				ED05D2782B80BE4F00E86BB0 /* main.m */,
			);
			path = "04-子控件决定父控件的高度";
			sourceTree = "<group>";
		};
		ED05D2812B80BE4F00E86BB0 /* 04-子控件决定父控件的高度Tests */ = {
			isa = PBXGroup;
			children = (
				ED05D2822B80BE4F00E86BB0 /* _4____________Tests.m */,
			);
			path = "04-子控件决定父控件的高度Tests";
			sourceTree = "<group>";
		};
		ED05D28B2B80BE4F00E86BB0 /* 04-子控件决定父控件的高度UITests */ = {
			isa = PBXGroup;
			children = (
				ED05D28C2B80BE4F00E86BB0 /* _4____________UITests.m */,
				ED05D28E2B80BE4F00E86BB0 /* _4____________UITestsLaunchTests.m */,
			);
			path = "04-子控件决定父控件的高度UITests";
			sourceTree = "<group>";
		};
/* End PBXGroup section */

/* Begin PBXNativeTarget section */
		ED05D2622B80BE4E00E86BB0 /* 04-子控件决定父控件的高度 */ = {
			isa = PBXNativeTarget;
			buildConfigurationList = ED05D2922B80BE4F00E86BB0 /* Build configuration list for PBXNativeTarget "04-子控件决定父控件的高度" */;
			buildPhases = (
				ED05D25F2B80BE4E00E86BB0 /* Sources */,
				ED05D2602B80BE4E00E86BB0 /* Frameworks */,
				ED05D2612B80BE4E00E86BB0 /* Resources */,
			);
			buildRules = (
			);
			dependencies = (
			);
			name = "04-子控件决定父控件的高度";
			productName = "04-子控件决定父控件的高度";
			productReference = ED05D2632B80BE4E00E86BB0 /* 04-子控件决定父控件的高度.app */;
			productType = "com.apple.product-type.application";
		};
		ED05D27D2B80BE4F00E86BB0 /* 04-子控件决定父控件的高度Tests */ = {
			isa = PBXNativeTarget;
			buildConfigurationList = ED05D2952B80BE4F00E86BB0 /* Build configuration list for PBXNativeTarget "04-子控件决定父控件的高度Tests" */;
			buildPhases = (
				ED05D27A2B80BE4F00E86BB0 /* Sources */,
				ED05D27B2B80BE4F00E86BB0 /* Frameworks */,
				ED05D27C2B80BE4F00E86BB0 /* Resources */,
			);
			buildRules = (
			);
			dependencies = (
				ED05D2802B80BE4F00E86BB0 /* PBXTargetDependency */,
			);
			name = "04-子控件决定父控件的高度Tests";
			productName = "04-子控件决定父控件的高度Tests";
			productReference = ED05D27E2B80BE4F00E86BB0 /* 04-子控件决定父控件的高度Tests.xctest */;
			productType = "com.apple.product-type.bundle.unit-test";
		};
		ED05D2872B80BE4F00E86BB0 /* 04-子控件决定父控件的高度UITests */ = {
			isa = PBXNativeTarget;
			buildConfigurationList = ED05D2982B80BE4F00E86BB0 /* Build configuration list for PBXNativeTarget "04-子控件决定父控件的高度UITests" */;
			buildPhases = (
				ED05D2842B80BE4F00E86BB0 /* Sources */,
				ED05D2852B80BE4F00E86BB0 /* Frameworks */,
				ED05D2862B80BE4F00E86BB0 /* Resources */,
			);
			buildRules = (
			);
			dependencies = (
				ED05D28A2B80BE4F00E86BB0 /* PBXTargetDependency */,
			);
			name = "04-子控件决定父控件的高度UITests";
			productName = "04-子控件决定父控件的高度UITests";
			productReference = ED05D2882B80BE4F00E86BB0 /* 04-子控件决定父控件的高度UITests.xctest */;
			productType = "com.apple.product-type.bundle.ui-testing";
		};
/* End PBXNativeTarget section */

/* Begin PBXProject section */
		ED05D25B2B80BE4E00E86BB0 /* Project object */ = {
			isa = PBXProject;
			attributes = {
				BuildIndependentTargetsInParallel = 1;
				LastUpgradeCheck = 1520;
				TargetAttributes = {
					ED05D2622B80BE4E00E86BB0 = {
						CreatedOnToolsVersion = 15.2;
					};
					ED05D27D2B80BE4F00E86BB0 = {
						CreatedOnToolsVersion = 15.2;
						TestTargetID = ED05D2622B80BE4E00E86BB0;
					};
					ED05D2872B80BE4F00E86BB0 = {
						CreatedOnToolsVersion = 15.2;
						TestTargetID = ED05D2622B80BE4E00E86BB0;
					};
				};
			};
			buildConfigurationList = ED05D25E2B80BE4E00E86BB0 /* Build configuration list for PBXProject "04-子控件决定父控件的高度" */;
			compatibilityVersion = "Xcode 14.0";
			developmentRegion = en;
			hasScannedForEncodings = 0;
			knownRegions = (
				en,
				Base,
			);
			mainGroup = ED05D25A2B80BE4E00E86BB0;
			productRefGroup = ED05D2642B80BE4E00E86BB0 /* Products */;
			projectDirPath = "";
			projectRoot = "";
			targets = (
				ED05D2622B80BE4E00E86BB0 /* 04-子控件决定父控件的高度 */,
				ED05D27D2B80BE4F00E86BB0 /* 04-子控件决定父控件的高度Tests */,
				ED05D2872B80BE4F00E86BB0 /* 04-子控件决定父控件的高度UITests */,
			);
		};
/* End PBXProject section */

/* Begin PBXResourcesBuildPhase section */
		ED05D2612B80BE4E00E86BB0 /* Resources */ = {
			isa = PBXResourcesBuildPhase;
			buildActionMask = 2147483647;
			files = (
				ED05D2762B80BE4F00E86BB0 /* LaunchScreen.storyboard in Resources */,
				ED05D2732B80BE4F00E86BB0 /* Assets.xcassets in Resources */,
				ED05D2712B80BE4E00E86BB0 /* Main.storyboard in Resources */,
			);
			runOnlyForDeploymentPostprocessing = 0;
		};
		ED05D27C2B80BE4F00E86BB0 /* Resources */ = {
			isa = PBXResourcesBuildPhase;
			buildActionMask = 2147483647;
			files = (
			);
			runOnlyForDeploymentPostprocessing = 0;
		};
		ED05D2862B80BE4F00E86BB0 /* Resources */ = {
			isa = PBXResourcesBuildPhase;
			buildActionMask = 2147483647;
			files = (
			);
			runOnlyForDeploymentPostprocessing = 0;
		};
/* End PBXResourcesBuildPhase section */

/* Begin PBXSourcesBuildPhase section */
		ED05D25F2B80BE4E00E86BB0 /* Sources */ = {
			isa = PBXSourcesBuildPhase;
			buildActionMask = 2147483647;
			files = (
				ED05D26E2B80BE4E00E86BB0 /* ViewController.m in Sources */,
				ED05D2682B80BE4E00E86BB0 /* AppDelegate.m in Sources */,
				ED05D2792B80BE4F00E86BB0 /* main.m in Sources */,
				ED05D26B2B80BE4E00E86BB0 /* SceneDelegate.m in Sources */,
			);
			runOnlyForDeploymentPostprocessing = 0;
		};
		ED05D27A2B80BE4F00E86BB0 /* Sources */ = {
			isa = PBXSourcesBuildPhase;
			buildActionMask = 2147483647;
			files = (
				ED05D2832B80BE4F00E86BB0 /* _4____________Tests.m in Sources */,
			);
			runOnlyForDeploymentPostprocessing = 0;
		};
		ED05D2842B80BE4F00E86BB0 /* Sources */ = {
			isa = PBXSourcesBuildPhase;
			buildActionMask = 2147483647;
			files = (
				ED05D28D2B80BE4F00E86BB0 /* _4____________UITests.m in Sources */,
				ED05D28F2B80BE4F00E86BB0 /* _4____________UITestsLaunchTests.m in Sources */,
			);
			runOnlyForDeploymentPostprocessing = 0;
		};
/* End PBXSourcesBuildPhase section */

/* Begin PBXTargetDependency section */
		ED05D2802B80BE4F00E86BB0 /* PBXTargetDependency */ = {
			isa = PBXTargetDependency;
			target = ED05D2622B80BE4E00E86BB0 /* 04-子控件决定父控件的高度 */;
			targetProxy = ED05D27F2B80BE4F00E86BB0 /* PBXContainerItemProxy */;
		};
		ED05D28A2B80BE4F00E86BB0 /* PBXTargetDependency */ = {
			isa = PBXTargetDependency;
			target = ED05D2622B80BE4E00E86BB0 /* 04-子控件决定父控件的高度 */;
			targetProxy = ED05D2892B80BE4F00E86BB0 /* PBXContainerItemProxy */;
		};
/* End PBXTargetDependency section */

/* Begin PBXVariantGroup section */
		ED05D26F2B80BE4E00E86BB0 /* Main.storyboard */ = {
			isa = PBXVariantGroup;
			children = (
				ED05D2702B80BE4E00E86BB0 /* Base */,
			);
			name = Main.storyboard;
			sourceTree = "<group>";
		};
		ED05D2742B80BE4F00E86BB0 /* LaunchScreen.storyboard */ = {
			isa = PBXVariantGroup;
			children = (
				ED05D2752B80BE4F00E86BB0 /* Base */,
			);
			name = LaunchScreen.storyboard;
			sourceTree = "<group>";
		};
/* End PBXVariantGroup section */

/* Begin XCBuildConfiguration section */
		ED05D2902B80BE4F00E86BB0 /* Debug */ = {
			isa = XCBuildConfiguration;
			buildSettings = {
				ALWAYS_SEARCH_USER_PATHS = NO;
				ASSETCATALOG_COMPILER_GENERATE_SWIFT_ASSET_SYMBOL_EXTENSIONS = YES;
				CLANG_ANALYZER_NONNULL = YES;
				CLANG_ANALYZER_NUMBER_OBJECT_CONVERSION = YES_AGGRESSIVE;
				CLANG_CXX_LANGUAGE_STANDARD = "gnu++20";
				CLANG_ENABLE_MODULES = YES;
				CLANG_ENABLE_OBJC_ARC = YES;
				CLANG_ENABLE_OBJC_WEAK = YES;
				CLANG_WARN_BLOCK_CAPTURE_AUTORELEASING = YES;
				CLANG_WARN_BOOL_CONVERSION = YES;
				CLANG_WARN_COMMA = YES;
				CLANG_WARN_CONSTANT_CONVERSION = YES;
				CLANG_WARN_DEPRECATED_OBJC_IMPLEMENTATIONS = YES;
				CLANG_WARN_DIRECT_OBJC_ISA_USAGE = YES_ERROR;
				CLANG_WARN_DOCUMENTATION_COMMENTS = YES;
				CLANG_WARN_EMPTY_BODY = YES;
				CLANG_WARN_ENUM_CONVERSION = YES;
				CLANG_WARN_INFINITE_RECURSION = YES;
				CLANG_WARN_INT_CONVERSION = YES;
				CLANG_WARN_NON_LITERAL_NULL_CONVERSION = YES;
				CLANG_WARN_OBJC_IMPLICIT_RETAIN_SELF = YES;
				CLANG_WARN_OBJC_LITERAL_CONVERSION = YES;
				CLANG_WARN_OBJC_ROOT_CLASS = YES_ERROR;
				CLANG_WARN_QUOTED_INCLUDE_IN_FRAMEWORK_HEADER = YES;
				CLANG_WARN_RANGE_LOOP_ANALYSIS = YES;
				CLANG_WARN_STRICT_PROTOTYPES = YES;
				CLANG_WARN_SUSPICIOUS_MOVE = YES;
				CLANG_WARN_UNGUARDED_AVAILABILITY = YES_AGGRESSIVE;
				CLANG_WARN_UNREACHABLE_CODE = YES;
				CLANG_WARN__DUPLICATE_METHOD_MATCH = YES;
				COPY_PHASE_STRIP = NO;
				DEBUG_INFORMATION_FORMAT = dwarf;
				ENABLE_STRICT_OBJC_MSGSEND = YES;
				ENABLE_TESTABILITY = YES;
				ENABLE_USER_SCRIPT_SANDBOXING = YES;
				GCC_C_LANGUAGE_STANDARD = gnu17;
				GCC_DYNAMIC_NO_PIC = NO;
				GCC_NO_COMMON_BLOCKS = YES;
				GCC_OPTIMIZATION_LEVEL = 0;
				GCC_PREPROCESSOR_DEFINITIONS = (
					"DEBUG=1",
					"$(inherited)",
				);
				GCC_WARN_64_TO_32_BIT_CONVERSION = YES;
				GCC_WARN_ABOUT_RETURN_TYPE = YES_ERROR;
				GCC_WARN_UNDECLARED_SELECTOR = YES;
				GCC_WARN_UNINITIALIZED_AUTOS = YES_AGGRESSIVE;
				GCC_WARN_UNUSED_FUNCTION = YES;
				GCC_WARN_UNUSED_VARIABLE = YES;
				IPHONEOS_DEPLOYMENT_TARGET = 17.2;
				LOCALIZATION_PREFERS_STRING_CATALOGS = YES;
				MTL_ENABLE_DEBUG_INFO = INCLUDE_SOURCE;
				MTL_FAST_MATH = YES;
				ONLY_ACTIVE_ARCH = YES;
				SDKROOT = iphoneos;
			};
			name = Debug;
		};
		ED05D2912B80BE4F00E86BB0 /* Release */ = {
			isa = XCBuildConfiguration;
			buildSettings = {
				ALWAYS_SEARCH_USER_PATHS = NO;
				ASSETCATALOG_COMPILER_GENERATE_SWIFT_ASSET_SYMBOL_EXTENSIONS = YES;
				CLANG_ANALYZER_NONNULL = YES;
				CLANG_ANALYZER_NUMBER_OBJECT_CONVERSION = YES_AGGRESSIVE;
				CLANG_CXX_LANGUAGE_STANDARD = "gnu++20";
				CLANG_ENABLE_MODULES = YES;
				CLANG_ENABLE_OBJC_ARC = YES;
				CLANG_ENABLE_OBJC_WEAK = YES;
				CLANG_WARN_BLOCK_CAPTURE_AUTORELEASING = YES;
				CLANG_WARN_BOOL_CONVERSION = YES;
				CLANG_WARN_COMMA = YES;
				CLANG_WARN_CONSTANT_CONVERSION = YES;
				CLANG_WARN_DEPRECATED_OBJC_IMPLEMENTATIONS = YES;
				CLANG_WARN_DIRECT_OBJC_ISA_USAGE = YES_ERROR;
				CLANG_WARN_DOCUMENTATION_COMMENTS = YES;
				CLANG_WARN_EMPTY_BODY = YES;
				CLANG_WARN_ENUM_CONVERSION = YES;
				CLANG_WARN_INFINITE_RECURSION = YES;
				CLANG_WARN_INT_CONVERSION = YES;
				CLANG_WARN_NON_LITERAL_NULL_CONVERSION = YES;
				CLANG_WARN_OBJC_IMPLICIT_RETAIN_SELF = YES;
				CLANG_WARN_OBJC_LITERAL_CONVERSION = YES;
				CLANG_WARN_OBJC_ROOT_CLASS = YES_ERROR;
				CLANG_WARN_QUOTED_INCLUDE_IN_FRAMEWORK_HEADER = YES;
				CLANG_WARN_RANGE_LOOP_ANALYSIS = YES;
				CLANG_WARN_STRICT_PROTOTYPES = YES;
				CLANG_WARN_SUSPICIOUS_MOVE = YES;
				CLANG_WARN_UNGUARDED_AVAILABILITY = YES_AGGRESSIVE;
				CLANG_WARN_UNREACHABLE_CODE = YES;
				CLANG_WARN__DUPLICATE_METHOD_MATCH = YES;
				COPY_PHASE_STRIP = NO;
				DEBUG_INFORMATION_FORMAT = "dwarf-with-dsym";
				ENABLE_NS_ASSERTIONS = NO;
				ENABLE_STRICT_OBJC_MSGSEND = YES;
				ENABLE_USER_SCRIPT_SANDBOXING = YES;
				GCC_C_LANGUAGE_STANDARD = gnu17;
				GCC_NO_COMMON_BLOCKS = YES;
				GCC_WARN_64_TO_32_BIT_CONVERSION = YES;
				GCC_WARN_ABOUT_RETURN_TYPE = YES_ERROR;
				GCC_WARN_UNDECLARED_SELECTOR = YES;
				GCC_WARN_UNINITIALIZED_AUTOS = YES_AGGRESSIVE;
				GCC_WARN_UNUSED_FUNCTION = YES;
				GCC_WARN_UNUSED_VARIABLE = YES;
				IPHONEOS_DEPLOYMENT_TARGET = 17.2;
				LOCALIZATION_PREFERS_STRING_CATALOGS = YES;
				MTL_ENABLE_DEBUG_INFO = NO;
				MTL_FAST_MATH = YES;
				SDKROOT = iphoneos;
				VALIDATE_PRODUCT = YES;
			};
			name = Release;
		};
		ED05D2932B80BE4F00E86BB0 /* Debug */ = {
			isa = XCBuildConfiguration;
			buildSettings = {
				ASSETCATALOG_COMPILER_APPICON_NAME = AppIcon;
				ASSETCATALOG_COMPILER_GLOBAL_ACCENT_COLOR_NAME = AccentColor;
				CODE_SIGN_STYLE = Automatic;
				CURRENT_PROJECT_VERSION = 1;
				GENERATE_INFOPLIST_FILE = YES;
				INFOPLIST_FILE = "04-子控件决定父控件的高度/Info.plist";
				INFOPLIST_KEY_UIApplicationSupportsIndirectInputEvents = YES;
				INFOPLIST_KEY_UILaunchStoryboardName = LaunchScreen;
				INFOPLIST_KEY_UIMainStoryboardFile = Main;
				INFOPLIST_KEY_UISupportedInterfaceOrientations_iPad = "UIInterfaceOrientationPortrait UIInterfaceOrientationPortraitUpsideDown UIInterfaceOrientationLandscapeLeft UIInterfaceOrientationLandscapeRight";
				INFOPLIST_KEY_UISupportedInterfaceOrientations_iPhone = "UIInterfaceOrientationPortrait UIInterfaceOrientationLandscapeLeft UIInterfaceOrientationLandscapeRight";
				LD_RUNPATH_SEARCH_PATHS = (
					"$(inherited)",
					"@executable_path/Frameworks",
				);
				MARKETING_VERSION = 1.0;
				PRODUCT_BUNDLE_IDENTIFIER = "weiwei.-4------------";
				PRODUCT_NAME = "$(TARGET_NAME)";
				SWIFT_EMIT_LOC_STRINGS = YES;
				TARGETED_DEVICE_FAMILY = "1,2";
			};
			name = Debug;
		};
		ED05D2942B80BE4F00E86BB0 /* Release */ = {
			isa = XCBuildConfiguration;
			buildSettings = {
				ASSETCATALOG_COMPILER_APPICON_NAME = AppIcon;
				ASSETCATALOG_COMPILER_GLOBAL_ACCENT_COLOR_NAME = AccentColor;
				CODE_SIGN_STYLE = Automatic;
				CURRENT_PROJECT_VERSION = 1;
				GENERATE_INFOPLIST_FILE = YES;
				INFOPLIST_FILE = "04-子控件决定父控件的高度/Info.plist";
				INFOPLIST_KEY_UIApplicationSupportsIndirectInputEvents = YES;
				INFOPLIST_KEY_UILaunchStoryboardName = LaunchScreen;
				INFOPLIST_KEY_UIMainStoryboardFile = Main;
				INFOPLIST_KEY_UISupportedInterfaceOrientations_iPad = "UIInterfaceOrientationPortrait UIInterfaceOrientationPortraitUpsideDown UIInterfaceOrientationLandscapeLeft UIInterfaceOrientationLandscapeRight";
				INFOPLIST_KEY_UISupportedInterfaceOrientations_iPhone = "UIInterfaceOrientationPortrait UIInterfaceOrientationLandscapeLeft UIInterfaceOrientationLandscapeRight";
				LD_RUNPATH_SEARCH_PATHS = (
					"$(inherited)",
					"@executable_path/Frameworks",
				);
				MARKETING_VERSION = 1.0;
				PRODUCT_BUNDLE_IDENTIFIER = "weiwei.-4------------";
				PRODUCT_NAME = "$(TARGET_NAME)";
				SWIFT_EMIT_LOC_STRINGS = YES;
				TARGETED_DEVICE_FAMILY = "1,2";
			};
			name = Release;
		};
		ED05D2962B80BE4F00E86BB0 /* Debug */ = {
			isa = XCBuildConfiguration;
			buildSettings = {
				BUNDLE_LOADER = "$(TEST_HOST)";
				CODE_SIGN_STYLE = Automatic;
				CURRENT_PROJECT_VERSION = 1;
				GENERATE_INFOPLIST_FILE = YES;
				IPHONEOS_DEPLOYMENT_TARGET = 17.2;
				MARKETING_VERSION = 1.0;
				PRODUCT_BUNDLE_IDENTIFIER = "weiwei.-4------------Tests";
				PRODUCT_NAME = "$(TARGET_NAME)";
				SWIFT_EMIT_LOC_STRINGS = NO;
				TARGETED_DEVICE_FAMILY = "1,2";
				TEST_HOST = "$(BUILT_PRODUCTS_DIR)/04-子控件决定父控件的高度.app/$(BUNDLE_EXECUTABLE_FOLDER_PATH)/04-子控件决定父控件的高度";
			};
			name = Debug;
		};
		ED05D2972B80BE4F00E86BB0 /* Release */ = {
			isa = XCBuildConfiguration;
			buildSettings = {
				BUNDLE_LOADER = "$(TEST_HOST)";
				CODE_SIGN_STYLE = Automatic;
				CURRENT_PROJECT_VERSION = 1;
				GENERATE_INFOPLIST_FILE = YES;
				IPHONEOS_DEPLOYMENT_TARGET = 17.2;
				MARKETING_VERSION = 1.0;
				PRODUCT_BUNDLE_IDENTIFIER = "weiwei.-4------------Tests";
				PRODUCT_NAME = "$(TARGET_NAME)";
				SWIFT_EMIT_LOC_STRINGS = NO;
				TARGETED_DEVICE_FAMILY = "1,2";
				TEST_HOST = "$(BUILT_PRODUCTS_DIR)/04-子控件决定父控件的高度.app/$(BUNDLE_EXECUTABLE_FOLDER_PATH)/04-子控件决定父控件的高度";
			};
			name = Release;
		};
		ED05D2992B80BE4F00E86BB0 /* Debug */ = {
			isa = XCBuildConfiguration;
			buildSettings = {
				CODE_SIGN_STYLE = Automatic;
				CURRENT_PROJECT_VERSION = 1;
				GENERATE_INFOPLIST_FILE = YES;
				MARKETING_VERSION = 1.0;
				PRODUCT_BUNDLE_IDENTIFIER = "weiwei.-4------------UITests";
				PRODUCT_NAME = "$(TARGET_NAME)";
				SWIFT_EMIT_LOC_STRINGS = NO;
				TARGETED_DEVICE_FAMILY = "1,2";
				TEST_TARGET_NAME = "04-子控件决定父控件的高度";
			};
			name = Debug;
		};
		ED05D29A2B80BE4F00E86BB0 /* Release */ = {
			isa = XCBuildConfiguration;
			buildSettings = {
				CODE_SIGN_STYLE = Automatic;
				CURRENT_PROJECT_VERSION = 1;
				GENERATE_INFOPLIST_FILE = YES;
				MARKETING_VERSION = 1.0;
				PRODUCT_BUNDLE_IDENTIFIER = "weiwei.-4------------UITests";
				PRODUCT_NAME = "$(TARGET_NAME)";
				SWIFT_EMIT_LOC_STRINGS = NO;
				TARGETED_DEVICE_FAMILY = "1,2";
				TEST_TARGET_NAME = "04-子控件决定父控件的高度";
			};
			name = Release;
		};
/* End XCBuildConfiguration section */

/* Begin XCConfigurationList section */
		ED05D25E2B80BE4E00E86BB0 /* Build configuration list for PBXProject "04-子控件决定父控件的高度" */ = {
			isa = XCConfigurationList;
			buildConfigurations = (
				ED05D2902B80BE4F00E86BB0 /* Debug */,
				ED05D2912B80BE4F00E86BB0 /* Release */,
			);
			defaultConfigurationIsVisible = 0;
			defaultConfigurationName = Release;
		};
		ED05D2922B80BE4F00E86BB0 /* Build configuration list for PBXNativeTarget "04-子控件决定父控件的高度" */ = {
			isa = XCConfigurationList;
			buildConfigurations = (
				ED05D2932B80BE4F00E86BB0 /* Debug */,
				ED05D2942B80BE4F00E86BB0 /* Release */,
			);
			defaultConfigurationIsVisible = 0;
			defaultConfigurationName = Release;
		};
		ED05D2952B80BE4F00E86BB0 /* Build configuration list for PBXNativeTarget "04-子控件决定父控件的高度Tests" */ = {
			isa = XCConfigurationList;
			buildConfigurations = (
				ED05D2962B80BE4F00E86BB0 /* Debug */,
				ED05D2972B80BE4F00E86BB0 /* Release */,
			);
			defaultConfigurationIsVisible = 0;
			defaultConfigurationName = Release;
		};
		ED05D2982B80BE4F00E86BB0 /* Build configuration list for PBXNativeTarget "04-子控件决定父控件的高度UITests" */ = {
			isa = XCConfigurationList;
			buildConfigurations = (
				ED05D2992B80BE4F00E86BB0 /* Debug */,
				ED05D29A2B80BE4F00E86BB0 /* Release */,
			);
			defaultConfigurationIsVisible = 0;
			defaultConfigurationName = Release;
		};
/* End XCConfigurationList section */
	};
	rootObject = ED05D25B2B80BE4E00E86BB0 /* Project object */;
}
